
Microsoft Visual Studio Solution File, Format Version 12.00
# Visual Studio 2012
Project("{8BC9CEB8-8B4A-11D0-8D11-00A0C91BC942}") = "Perception", "Perception.vcxproj", "{B81F6E73-9C8D-4069-953D-0684CBE70598}"
	ProjectSection(ProjectDependencies) = postProject
		{7CB78DA9-7EA1-4FE5-8A6E-4D7CBC84FD10} = {7CB78DA9-7EA1-4FE5-8A6E-4D7CBC84FD10}
	EndProjectSection
EndProject
Project("{8BC9CEB8-8B4A-11D0-8D11-00A0C91BC942}") = "Turkey", "..\..\turkey\Windows\Turkey.vcxproj", "{7CB78DA9-7EA1-4FE5-8A6E-4D7CBC84FD10}"
EndProject
Global
	GlobalSection(SolutionConfigurationPlatforms) = preSolution
		Debug|x64 = Debug|x64
		Release|x64 = Release|x64
		Test-Debug|x64 = Test-Debug|x64
		Test-Release|x64 = Test-Release|x64
	EndGlobalSection
	GlobalSection(ProjectConfigurationPlatforms) = postSolution
		{B81F6E73-9C8D-4069-953D-0684CBE70598}.Debug|x64.ActiveCfg = Debug|x64
		{B81F6E73-9C8D-4069-953D-0684CBE70598}.Release|x64.ActiveCfg = Release|x64
		{B81F6E73-9C8D-4069-953D-0684CBE70598}.Test-Debug|x64.ActiveCfg = Debug|x64
		{B81F6E73-9C8D-4069-953D-0684CBE70598}.Test-Release|x64.ActiveCfg = Release|x64
		{7CB78DA9-7EA1-4FE5-8A6E-4D7CBC84FD10}.Debug|x64.ActiveCfg = Debug|x64
		{7CB78DA9-7EA1-4FE5-8A6E-4D7CBC84FD10}.Debug|x64.Build.0 = Debug|x64
		{7CB78DA9-7EA1-4FE5-8A6E-4D7CBC84FD10}.Release|x64.ActiveCfg = Release|x64
		{7CB78DA9-7EA1-4FE5-8A6E-4D7CBC84FD10}.Release|x64.Build.0 = Release|x64
		{7CB78DA9-7EA1-4FE5-8A6E-4D7CBC84FD10}.Test-Debug|x64.ActiveCfg = Test-Debug|x64
		{7CB78DA9-7EA1-4FE5-8A6E-4D7CBC84FD10}.Test-Debug|x64.Build.0 = Test-Debug|x64
		{7CB78DA9-7EA1-4FE5-8A6E-4D7CBC84FD10}.Test-Release|x64.ActiveCfg = Test-Release|x64
		{7CB78DA9-7EA1-4FE5-8A6E-4D7CBC84FD10}.Test-Release|x64.Build.0 = Test-Release|x64
	EndGlobalSection
	GlobalSection(SolutionProperties) = preSolution
		HideSolutionNode = FALSE
	EndGlobalSection
EndGlobal
