
Microsoft Visual Studio Solution File, Format Version 12.00
# Visual Studio 2012
Project("{8BC9CEB8-8B4A-11D0-8D11-00A0C91BC942}") = "Turkey", "Windows.vcxproj", "{7CB78DA9-7EA1-4FE5-8A6E-4D7CBC84FD10}"
EndProject
Global
	GlobalSection(SolutionConfigurationPlatforms) = preSolution
		Debug|Win32 = Debug|Win32
		Release|Win32 = Release|Win32
		Test|Win32 = Test|Win32
	EndGlobalSection
	GlobalSection(ProjectConfigurationPlatforms) = postSolution
		{7CB78DA9-7EA1-4FE5-8A6E-4D7CBC84FD10}.Debug|Win32.ActiveCfg = Debug|Win32
		{7CB78DA9-7EA1-4FE5-8A6E-4D7CBC84FD10}.Debug|Win32.Build.0 = Debug|Win32
		{7CB78DA9-7EA1-4FE5-8A6E-4D7CBC84FD10}.Release|Win32.ActiveCfg = Release|Win32
		{7CB78DA9-7EA1-4FE5-8A6E-4D7CBC84FD10}.Release|Win32.Build.0 = Release|Win32
		{7CB78DA9-7EA1-4FE5-8A6E-4D7CBC84FD10}.Test|Win32.ActiveCfg = Test|Win32
		{7CB78DA9-7EA1-4FE5-8A6E-4D7CBC84FD10}.Test|Win32.Build.0 = Test|Win32
	EndGlobalSection
	GlobalSection(SolutionProperties) = preSolution
		HideSolutionNode = FALSE
	EndGlobalSection
EndGlobal
