<?xml version="1.0" encoding="utf-8"?>
<Project ToolsVersion="4.0" xmlns="http://schemas.microsoft.com/developer/msbuild/2003">
  <ItemGroup>
    <Filter Include="Source Files">
      <UniqueIdentifier>{4FC737F1-C7A5-4376-A066-2A32D752A2FF}</UniqueIdentifier>
      <Extensions>cpp;c;cc;cxx;def;odl;idl;hpj;bat;asm;asmx</Extensions>
    </Filter>
    <Filter Include="Header Files">
      <UniqueIdentifier>{93995380-89BD-4b04-88EB-625FBE52EBFB}</UniqueIdentifier>
      <Extensions>h;hpp;hxx;hm;inl;inc;xsd</Extensions>
    </Filter>
    <Filter Include="Windows">
      <UniqueIdentifier>{edd75802-9ac8-4da7-8934-d3d8db508e40}</UniqueIdentifier>
    </Filter>
    <Filter Include="external">
      <UniqueIdentifier>{feda972d-9622-4315-bb60-b2c789cb77bf}</UniqueIdentifier>
    </Filter>
    <Filter Include="external\cityhash">
      <UniqueIdentifier>{0562e54b-c69e-42b4-baaf-e6ae71d85725}</UniqueIdentifier>
    </Filter>
    <Filter Include="external\half">
      <UniqueIdentifier>{4af3ee80-7813-40ae-b811-af19f0dadd10}</UniqueIdentifier>
    </Filter>
  </ItemGroup>
  <ItemGroup>
    <ClCompile Include="main.cpp">
      <Filter>Windows</Filter>
    </ClCompile>
    <ClCompile Include="hooks.cpp">
      <Filter>Windows</Filter>
    </ClCompile>
    <ClCompile Include="..\turkey.cpp">
      <Filter>Source Files</Filter>
    </ClCompile>
    <ClCompile Include="..\stringtable.cpp">
      <Filter>Source Files</Filter>
    </ClCompile>
    <ClCompile Include="..\stack.cpp">
      <Filter>Source Files</Filter>
    </ClCompile>
    <ClCompile Include="..\external\cityhash\city.cpp">
      <Filter>external\cityhash</Filter>
    </ClCompile>
    <ClCompile Include="..\array.cpp">
      <Filter>Source Files</Filter>
    </ClCompile>
    <ClCompile Include="..\buffer.cpp">
      <Filter>Source Files</Filter>
    </ClCompile>
    <ClCompile Include="..\gc.cpp">
      <Filter>Source Files</Filter>
    </ClCompile>
    <ClCompile Include="..\object.cpp">
      <Filter>Source Files</Filter>
    </ClCompile>
    <ClCompile Include="..\functionpointer.cpp">
      <Filter>Source Files</Filter>
    </ClCompile>
    <ClCompile Include="..\closure.cpp">
      <Filter>Source Files</Filter>
    </ClCompile>
    <ClCompile Include="..\stack_helpers.cpp">
      <Filter>Source Files</Filter>
    </ClCompile>
    <ClCompile Include="..\conversions.cpp">
      <Filter>Source Files</Filter>
    </ClCompile>
    <ClCompile Include="..\module.cpp">
      <Filter>Source Files</Filter>
    </ClCompile>
    <ClCompile Include="..\instructions.cpp">
      <Filter>Source Files</Filter>
    </ClCompile>
    <ClCompile Include="..\interpreter.cpp">
      <Filter>Source Files</Filter>
    </ClCompile>
    <ClCompile Include="..\string.cpp">
      <Filter>Source Files</Filter>
    </ClCompile>
  </ItemGroup>
  <ItemGroup>
    <ClInclude Include="..\turkey.h">
      <Filter>Header Files</Filter>
    </ClInclude>
    <ClInclude Include="..\hooks.h">
      <Filter>Header Files</Filter>
    </ClInclude>
    <ClInclude Include="..\external\cityhash\city.h">
      <Filter>external\cityhash</Filter>
    </ClInclude>
    <ClInclude Include="..\external\half\half.hpp">
      <Filter>external\half</Filter>
    </ClInclude>
  </ItemGroup>
</Project>